
Microsoft Visual Studio Solution File, Format Version 12.00
# Visual Studio Version 17
VisualStudioVersion = 17.0.32014.148
MinimumVisualStudioVersion = 10.0.40219.1
Project("{FAE04EC0-301F-11D3-BF4B-00C04F79EFBC}") = "OiuTools", "OiuTools\OiuTools.csproj", "{706F294E-D2C5-4D6C-89B7-F3736DD937C1}"
EndProject
Project("{FAE04EC0-301F-11D3-BF4B-00C04F79EFBC}") = "BlegMM", "..\..\BlegMMOld\BlegMM\BlegMM.csproj", "{A6D9B118-23CB-406C-9C01-EEB7FD256DBD}"
EndProject
Project("{FAE04EC0-301F-11D3-BF4B-00C04F79EFBC}") = "PublicLibrary", "..\..\BlegMMOld\PublicLibrary\PublicLibrary.csproj", "{2799B34B-87A0-418E-A8C6-8645C34E8B80}"
EndProject
Project("{FAE04EC0-301F-11D3-BF4B-00C04F79EFBC}") = "BlegMMAPP", "BlegMMAPP\BlegMMAPP.csproj", "{410CBD72-B257-4922-94C2-F7D9C83F7B9D}"
EndProject
Project("{9A19103F-16F7-4668-BE54-9A1E7A4F7556}") = "OiuTools.Api.Application", "OiuTools.Api\OiuTools.Api.Application\OiuTools.Api.Application.csproj", "{61C1FC4F-E063-480D-B4D5-192B4A1FC205}"
EndProject
Project("{9A19103F-16F7-4668-BE54-9A1E7A4F7556}") = "OiuTools.Api.Core", "OiuTools.Api\OiuTools.Api.Core\OiuTools.Api.Core.csproj", "{302C13F1-FF73-4C47-8EB8-FE7A0489F3B9}"
EndProject
Project("{9A19103F-16F7-4668-BE54-9A1E7A4F7556}") = "OiuTools.Api.Database.Migrations", "OiuTools.Api\OiuTools.Api.Database.Migrations\OiuTools.Api.Database.Migrations.csproj", "{2F4D2A0D-0A30-47F9-B34E-88CFDE565AC3}"
EndProject
Project("{9A19103F-16F7-4668-BE54-9A1E7A4F7556}") = "OiuTools.Api.EntityFramework.Core", "OiuTools.Api\OiuTools.Api.EntityFramework.Core\OiuTools.Api.EntityFramework.Core.csproj", "{6DA4FD03-25C5-452F-BBED-FA5AC64CCFE3}"
EndProject
Project("{9A19103F-16F7-4668-BE54-9A1E7A4F7556}") = "OiuTools.Api.Web.Core", "OiuTools.Api\OiuTools.Api.Web.Core\OiuTools.Api.Web.Core.csproj", "{BB186649-EC64-4AD4-8A53-E6221C7048D9}"
EndProject
Project("{9A19103F-16F7-4668-BE54-9A1E7A4F7556}") = "OiuTools.Api.Web.Entry", "OiuTools.Api\OiuTools.Api.Web.Entry\OiuTools.Api.Web.Entry.csproj", "{5C0F17E9-CFCA-4242-B82A-4D33A6298045}"
EndProject
Project("{FAE04EC0-301F-11D3-BF4B-00C04F79EFBC}") = "OiuTools.Api.Web.LocalEntry", "OiuTools.Api.Web.LocalEntry\OiuTools.Api.Web.LocalEntry.csproj", "{AB5CE8E1-14FD-4987-801A-2F52AFA32249}"
EndProject
Global
	GlobalSection(SolutionConfigurationPlatforms) = preSolution
		Debug|Any CPU = Debug|Any CPU
		Release|Any CPU = Release|Any CPU
	EndGlobalSection
	GlobalSection(ProjectConfigurationPlatforms) = postSolution
		{706F294E-D2C5-4D6C-89B7-F3736DD937C1}.Debug|Any CPU.ActiveCfg = Debug|Any CPU
		{706F294E-D2C5-4D6C-89B7-F3736DD937C1}.Debug|Any CPU.Build.0 = Debug|Any CPU
		{706F294E-D2C5-4D6C-89B7-F3736DD937C1}.Release|Any CPU.ActiveCfg = Release|Any CPU
		{706F294E-D2C5-4D6C-89B7-F3736DD937C1}.Release|Any CPU.Build.0 = Release|Any CPU
		{A6D9B118-23CB-406C-9C01-EEB7FD256DBD}.Debug|Any CPU.ActiveCfg = Debug|Any CPU
		{A6D9B118-23CB-406C-9C01-EEB7FD256DBD}.Debug|Any CPU.Build.0 = Debug|Any CPU
		{A6D9B118-23CB-406C-9C01-EEB7FD256DBD}.Release|Any CPU.ActiveCfg = Release|Any CPU
		{A6D9B118-23CB-406C-9C01-EEB7FD256DBD}.Release|Any CPU.Build.0 = Release|Any CPU
		{2799B34B-87A0-418E-A8C6-8645C34E8B80}.Debug|Any CPU.ActiveCfg = Debug|Any CPU
		{2799B34B-87A0-418E-A8C6-8645C34E8B80}.Debug|Any CPU.Build.0 = Debug|Any CPU
		{2799B34B-87A0-418E-A8C6-8645C34E8B80}.Release|Any CPU.ActiveCfg = Release|Any CPU
		{2799B34B-87A0-418E-A8C6-8645C34E8B80}.Release|Any CPU.Build.0 = Release|Any CPU
		{410CBD72-B257-4922-94C2-F7D9C83F7B9D}.Debug|Any CPU.ActiveCfg = Debug|Any CPU
		{410CBD72-B257-4922-94C2-F7D9C83F7B9D}.Debug|Any CPU.Build.0 = Debug|Any CPU
		{410CBD72-B257-4922-94C2-F7D9C83F7B9D}.Debug|Any CPU.Deploy.0 = Debug|Any CPU
		{410CBD72-B257-4922-94C2-F7D9C83F7B9D}.Release|Any CPU.ActiveCfg = Release|Any CPU
		{410CBD72-B257-4922-94C2-F7D9C83F7B9D}.Release|Any CPU.Build.0 = Release|Any CPU
		{410CBD72-B257-4922-94C2-F7D9C83F7B9D}.Release|Any CPU.Deploy.0 = Release|Any CPU
		{61C1FC4F-E063-480D-B4D5-192B4A1FC205}.Debug|Any CPU.ActiveCfg = Debug|Any CPU
		{61C1FC4F-E063-480D-B4D5-192B4A1FC205}.Debug|Any CPU.Build.0 = Debug|Any CPU
		{61C1FC4F-E063-480D-B4D5-192B4A1FC205}.Release|Any CPU.ActiveCfg = Release|Any CPU
		{61C1FC4F-E063-480D-B4D5-192B4A1FC205}.Release|Any CPU.Build.0 = Release|Any CPU
		{302C13F1-FF73-4C47-8EB8-FE7A0489F3B9}.Debug|Any CPU.ActiveCfg = Debug|Any CPU
		{302C13F1-FF73-4C47-8EB8-FE7A0489F3B9}.Debug|Any CPU.Build.0 = Debug|Any CPU
		{302C13F1-FF73-4C47-8EB8-FE7A0489F3B9}.Release|Any CPU.ActiveCfg = Release|Any CPU
		{302C13F1-FF73-4C47-8EB8-FE7A0489F3B9}.Release|Any CPU.Build.0 = Release|Any CPU
		{2F4D2A0D-0A30-47F9-B34E-88CFDE565AC3}.Debug|Any CPU.ActiveCfg = Debug|Any CPU
		{2F4D2A0D-0A30-47F9-B34E-88CFDE565AC3}.Debug|Any CPU.Build.0 = Debug|Any CPU
		{2F4D2A0D-0A30-47F9-B34E-88CFDE565AC3}.Release|Any CPU.ActiveCfg = Release|Any CPU
		{2F4D2A0D-0A30-47F9-B34E-88CFDE565AC3}.Release|Any CPU.Build.0 = Release|Any CPU
		{6DA4FD03-25C5-452F-BBED-FA5AC64CCFE3}.Debug|Any CPU.ActiveCfg = Debug|Any CPU
		{6DA4FD03-25C5-452F-BBED-FA5AC64CCFE3}.Debug|Any CPU.Build.0 = Debug|Any CPU
		{6DA4FD03-25C5-452F-BBED-FA5AC64CCFE3}.Release|Any CPU.ActiveCfg = Release|Any CPU
		{6DA4FD03-25C5-452F-BBED-FA5AC64CCFE3}.Release|Any CPU.Build.0 = Release|Any CPU
		{BB186649-EC64-4AD4-8A53-E6221C7048D9}.Debug|Any CPU.ActiveCfg = Debug|Any CPU
		{BB186649-EC64-4AD4-8A53-E6221C7048D9}.Debug|Any CPU.Build.0 = Debug|Any CPU
		{BB186649-EC64-4AD4-8A53-E6221C7048D9}.Release|Any CPU.ActiveCfg = Release|Any CPU
		{BB186649-EC64-4AD4-8A53-E6221C7048D9}.Release|Any CPU.Build.0 = Release|Any CPU
		{5C0F17E9-CFCA-4242-B82A-4D33A6298045}.Debug|Any CPU.ActiveCfg = Debug|Any CPU
		{5C0F17E9-CFCA-4242-B82A-4D33A6298045}.Debug|Any CPU.Build.0 = Debug|Any CPU
		{5C0F17E9-CFCA-4242-B82A-4D33A6298045}.Release|Any CPU.ActiveCfg = Release|Any CPU
		{5C0F17E9-CFCA-4242-B82A-4D33A6298045}.Release|Any CPU.Build.0 = Release|Any CPU
		{AB5CE8E1-14FD-4987-801A-2F52AFA32249}.Debug|Any CPU.ActiveCfg = Debug|Any CPU
		{AB5CE8E1-14FD-4987-801A-2F52AFA32249}.Debug|Any CPU.Build.0 = Debug|Any CPU
		{AB5CE8E1-14FD-4987-801A-2F52AFA32249}.Release|Any CPU.ActiveCfg = Release|Any CPU
		{AB5CE8E1-14FD-4987-801A-2F52AFA32249}.Release|Any CPU.Build.0 = Release|Any CPU
	EndGlobalSection
	GlobalSection(SolutionProperties) = preSolution
		HideSolutionNode = FALSE
	EndGlobalSection
	GlobalSection(ExtensibilityGlobals) = postSolution
		SolutionGuid = {9DF52B58-CFD1-4D38-A783-C9F0ACC11C43}
	EndGlobalSection
EndGlobal
