
Microsoft Visual Studio Solution File, Format Version 12.00
# Visual Studio Version 16
VisualStudioVersion = 16.0.31005.135
MinimumVisualStudioVersion = 10.0.40219.1
Project("{FAE04EC0-301F-11D3-BF4B-00C04F79EFBC}") = "OiuTools", "OiuTools\OiuTools.csproj", "{706F294E-D2C5-4D6C-89B7-F3736DD937C1}"
EndProject
Project("{FAE04EC0-301F-11D3-BF4B-00C04F79EFBC}") = "BlegMM", "..\..\BlegMMOld\BlegMM\BlegMM.csproj", "{A6D9B118-23CB-406C-9C01-EEB7FD256DBD}"
EndProject
Project("{FAE04EC0-301F-11D3-BF4B-00C04F79EFBC}") = "PublicLibrary", "..\..\BlegMMOld\PublicLibrary\PublicLibrary.csproj", "{2799B34B-87A0-418E-A8C6-8645C34E8B80}"
EndProject
Project("{FAE04EC0-301F-11D3-BF4B-00C04F79EFBC}") = "BlegMMAPP", "BlegMMAPP\BlegMMAPP.csproj", "{410CBD72-B257-4922-94C2-F7D9C83F7B9D}"
EndProject
Global
	GlobalSection(SolutionConfigurationPlatforms) = preSolution
		Debug|Any CPU = Debug|Any CPU
		Release|Any CPU = Release|Any CPU
	EndGlobalSection
	GlobalSection(ProjectConfigurationPlatforms) = postSolution
		{706F294E-D2C5-4D6C-89B7-F3736DD937C1}.Debug|Any CPU.ActiveCfg = Debug|Any CPU
		{706F294E-D2C5-4D6C-89B7-F3736DD937C1}.Debug|Any CPU.Build.0 = Debug|Any CPU
		{706F294E-D2C5-4D6C-89B7-F3736DD937C1}.Release|Any CPU.ActiveCfg = Release|Any CPU
		{706F294E-D2C5-4D6C-89B7-F3736DD937C1}.Release|Any CPU.Build.0 = Release|Any CPU
		{A6D9B118-23CB-406C-9C01-EEB7FD256DBD}.Debug|Any CPU.ActiveCfg = Debug|Any CPU
		{A6D9B118-23CB-406C-9C01-EEB7FD256DBD}.Debug|Any CPU.Build.0 = Debug|Any CPU
		{A6D9B118-23CB-406C-9C01-EEB7FD256DBD}.Release|Any CPU.ActiveCfg = Release|Any CPU
		{A6D9B118-23CB-406C-9C01-EEB7FD256DBD}.Release|Any CPU.Build.0 = Release|Any CPU
		{2799B34B-87A0-418E-A8C6-8645C34E8B80}.Debug|Any CPU.ActiveCfg = Debug|Any CPU
		{2799B34B-87A0-418E-A8C6-8645C34E8B80}.Debug|Any CPU.Build.0 = Debug|Any CPU
		{2799B34B-87A0-418E-A8C6-8645C34E8B80}.Release|Any CPU.ActiveCfg = Release|Any CPU
		{2799B34B-87A0-418E-A8C6-8645C34E8B80}.Release|Any CPU.Build.0 = Release|Any CPU
		{410CBD72-B257-4922-94C2-F7D9C83F7B9D}.Debug|Any CPU.ActiveCfg = Debug|Any CPU
		{410CBD72-B257-4922-94C2-F7D9C83F7B9D}.Debug|Any CPU.Build.0 = Debug|Any CPU
		{410CBD72-B257-4922-94C2-F7D9C83F7B9D}.Debug|Any CPU.Deploy.0 = Debug|Any CPU
		{410CBD72-B257-4922-94C2-F7D9C83F7B9D}.Release|Any CPU.ActiveCfg = Release|Any CPU
		{410CBD72-B257-4922-94C2-F7D9C83F7B9D}.Release|Any CPU.Build.0 = Release|Any CPU
		{410CBD72-B257-4922-94C2-F7D9C83F7B9D}.Release|Any CPU.Deploy.0 = Release|Any CPU
	EndGlobalSection
	GlobalSection(SolutionProperties) = preSolution
		HideSolutionNode = FALSE
	EndGlobalSection
	GlobalSection(ExtensibilityGlobals) = postSolution
		SolutionGuid = {9DF52B58-CFD1-4D38-A783-C9F0ACC11C43}
	EndGlobalSection
EndGlobal
